{
  "name": "website",
  "lockfileVersion": 3,
  "requires": true,
  "packages": {
    "": {
      "dependencies": {
        "react": "^18.2.0",
        "react-dom": "^18.2.0",
        "react-movable": "^3.3.1",
        "react-moveable": "^0.56.0"
      }
    },
    "node_modules/@cfcs/core": {
      "version": "0.0.6",
      "resolved": "https://registry.npmjs.org/@cfcs/core/-/core-0.0.6.tgz",
      "integrity": "sha512-FxfJMwoLB8MEMConeXUCqtMGqxdtePQxRBOiGip9ULcYYam3WfCgoY6xdnMaSkYvRvmosp5iuG+TiPofm65+Pw==",
      "license": "MIT",
      "dependencies": {
        "@egjs/component": "^3.0.2"
      }
    },
    "node_modules/@daybrush/utils": {
      "version": "1.13.0",
      "resolved": "https://registry.npmjs.org/@daybrush/utils/-/utils-1.13.0.tgz",
      "integrity": "sha512-ALK12C6SQNNHw1enXK+UO8bdyQ+jaWNQ1Af7Z3FNxeAwjYhQT7do+TRE4RASAJ3ObaS2+TJ7TXR3oz2Gzbw0PQ==",
      "license": "MIT"
    },
    "node_modules/@egjs/agent": {
      "version": "2.4.4",
      "resolved": "https://registry.npmjs.org/@egjs/agent/-/agent-2.4.4.tgz",
      "integrity": "sha512-cvAPSlUILhBBOakn2krdPnOGv5hAZq92f1YHxYcfu0p7uarix2C6Ia3AVizpS1SGRZGiEkIS5E+IVTLg1I2Iog==",
      "license": "MIT"
    },
    "node_modules/@egjs/children-differ": {
      "version": "1.0.1",
      "resolved": "https://registry.npmjs.org/@egjs/children-differ/-/children-differ-1.0.1.tgz",
      "integrity": "sha512-DRvyqMf+CPCOzAopQKHtW+X8iN6Hy6SFol+/7zCUiE5y4P/OB8JP8FtU4NxtZwtafvSL4faD5KoQYPj3JHzPFQ==",
      "license": "MIT",
      "dependencies": {
        "@egjs/list-differ": "^1.0.0"
      }
    },
    "node_modules/@egjs/component": {
      "version": "3.0.5",
      "resolved": "https://registry.npmjs.org/@egjs/component/-/component-3.0.5.tgz",
      "integrity": "sha512-cLcGizTrrUNA2EYE3MBmEDt2tQv1joVP1Q3oDisZ5nw0MZDx2kcgEXM+/kZpfa/PAkFvYVhRUZwytIQWoN3V/w==",
      "license": "MIT"
    },
    "node_modules/@egjs/list-differ": {
      "version": "1.0.1",
      "resolved": "https://registry.npmjs.org/@egjs/list-differ/-/list-differ-1.0.1.tgz",
      "integrity": "sha512-OTFTDQcWS+1ZREOdCWuk5hCBgYO4OsD30lXcOCyVOAjXMhgL5rBRDnt/otb6Nz8CzU0L/igdcaQBDLWc4t9gvg==",
      "license": "MIT"
    },
    "node_modules/@scena/dragscroll": {
      "version": "1.4.0",
      "resolved": "https://registry.npmjs.org/@scena/dragscroll/-/dragscroll-1.4.0.tgz",
      "integrity": "sha512-3O8daaZD9VXA9CP3dra6xcgt/qrm0mg0xJCwiX6druCteQ9FFsXffkF8PrqxY4Z4VJ58fFKEa0RlKqbsi/XnRA==",
      "license": "MIT",
      "dependencies": {
        "@daybrush/utils": "^1.6.0",
        "@scena/event-emitter": "^1.0.2"
      }
    },
    "node_modules/@scena/event-emitter": {
      "version": "1.0.5",
      "resolved": "https://registry.npmjs.org/@scena/event-emitter/-/event-emitter-1.0.5.tgz",
      "integrity": "sha512-AzY4OTb0+7ynefmWFQ6hxDdk0CySAq/D4efljfhtRHCOP7MBF9zUfhKG3TJiroVjASqVgkRJFdenS8ArZo6Olg==",
      "license": "MIT",
      "dependencies": {
        "@daybrush/utils": "^1.1.1"
      }
    },
    "node_modules/@scena/matrix": {
      "version": "1.1.1",
      "resolved": "https://registry.npmjs.org/@scena/matrix/-/matrix-1.1.1.tgz",
      "integrity": "sha512-JVKBhN0tm2Srl+Yt+Ywqu0oLgLcdemDQlD1OxmN9jaCTwaFPZ7tY8n6dhVgMEaR9qcR7r+kAlMXnSfNyYdE+Vg==",
      "license": "MIT",
      "dependencies": {
        "@daybrush/utils": "^1.4.0"
      }
    },
    "node_modules/css-styled": {
      "version": "1.0.8",
      "resolved": "https://registry.npmjs.org/css-styled/-/css-styled-1.0.8.tgz",
      "integrity": "sha512-tCpP7kLRI8dI95rCh3Syl7I+v7PP+2JYOzWkl0bUEoSbJM+u8ITbutjlQVf0NC2/g4ULROJPi16sfwDIO8/84g==",
      "license": "MIT",
      "dependencies": {
        "@daybrush/utils": "^1.13.0"
      }
    },
    "node_modules/css-to-mat": {
      "version": "1.1.1",
      "resolved": "https://registry.npmjs.org/css-to-mat/-/css-to-mat-1.1.1.tgz",
      "integrity": "sha512-kvpxFYZb27jRd2vium35G7q5XZ2WJ9rWjDUMNT36M3Hc41qCrLXFM5iEKMGXcrPsKfXEN+8l/riB4QzwwwiEyQ==",
      "license": "MIT",
      "dependencies": {
        "@daybrush/utils": "^1.13.0",
        "@scena/matrix": "^1.0.0"
      }
    },
    "node_modules/framework-utils": {
      "version": "1.1.0",
      "resolved": "https://registry.npmjs.org/framework-utils/-/framework-utils-1.1.0.tgz",
      "integrity": "sha512-KAfqli5PwpFJ8o3psRNs8svpMGyCSAe8nmGcjQ0zZBWN2H6dZDnq+ABp3N3hdUmFeMrLtjOCTXD4yplUJIWceg==",
      "license": "MIT"
    },
    "node_modules/gesto": {
      "version": "1.19.4",
      "resolved": "https://registry.npmjs.org/gesto/-/gesto-1.19.4.tgz",
      "integrity": "sha512-hfr/0dWwh0Bnbb88s3QVJd1ZRJeOWcgHPPwmiH6NnafDYvhTsxg+SLYu+q/oPNh9JS3V+nlr6fNs8kvPAtcRDQ==",
      "license": "MIT",
      "dependencies": {
        "@daybrush/utils": "^1.13.0",
        "@scena/event-emitter": "^1.0.2"
      }
    },
    "node_modules/js-tokens": {
      "version": "4.0.0",
      "resolved": "https://registry.npmjs.org/js-tokens/-/js-tokens-4.0.0.tgz",
      "integrity": "sha512-RdJUflcE3cUzKiMqQgsCu06FPu9UdIJO0beYbPhHN4k6apgJtifcoCtT9bcxOpYBtpD2kCM6Sbzg4CausW/PKQ=="
    },
    "node_modules/keycode": {
      "version": "2.2.1",
      "resolved": "https://registry.npmjs.org/keycode/-/keycode-2.2.1.tgz",
      "integrity": "sha512-Rdgz9Hl9Iv4QKi8b0OlCRQEzp4AgVxyCtz5S/+VIHezDmrDhkp2N2TqBWOLz0/gbeREXOOiI9/4b8BY9uw2vFg==",
      "license": "MIT"
    },
    "node_modules/keycon": {
      "version": "1.4.0",
      "resolved": "https://registry.npmjs.org/keycon/-/keycon-1.4.0.tgz",
      "integrity": "sha512-p1NAIxiRMH3jYfTeXRs2uWbVJ1WpEjpi8ktzUyBJsX7/wn2qu2VRXktneBLNtKNxJmlUYxRi9gOJt1DuthXR7A==",
      "license": "MIT",
      "dependencies": {
        "@cfcs/core": "^0.0.6",
        "@daybrush/utils": "^1.7.1",
        "@scena/event-emitter": "^1.0.2",
        "keycode": "^2.2.0"
      }
    },
    "node_modules/loose-envify": {
      "version": "1.4.0",
      "resolved": "https://registry.npmjs.org/loose-envify/-/loose-envify-1.4.0.tgz",
      "integrity": "sha512-lyuxPGr/Wfhrlem2CL/UcnUc1zcqKAImBDzukY7Y5F/yQiNdko6+fRLevlw1HgMySw7f611UIY408EtxRSoK3Q==",
      "dependencies": {
        "js-tokens": "^3.0.0 || ^4.0.0"
      },
      "bin": {
        "loose-envify": "cli.js"
      }
    },
    "node_modules/overlap-area": {
      "version": "1.1.0",
      "resolved": "https://registry.npmjs.org/overlap-area/-/overlap-area-1.1.0.tgz",
      "integrity": "sha512-3dlJgJCaVeXH0/eZjYVJvQiLVVrPO4U1ZGqlATtx6QGO3b5eNM6+JgUKa7oStBTdYuGTk7gVoABCW6Tp+dhRdw==",
      "license": "MIT",
      "dependencies": {
        "@daybrush/utils": "^1.7.1"
      }
    },
    "node_modules/react": {
      "version": "18.2.0",
      "resolved": "https://registry.npmjs.org/react/-/react-18.2.0.tgz",
      "integrity": "sha512-/3IjMdb2L9QbBdWiW5e3P2/npwMBaU9mHCSCUzNln0ZCYbcfTsGbTJrU/kGemdH2IWmB2ioZ+zkxtmq6g09fGQ==",
      "dependencies": {
        "loose-envify": "^1.1.0"
      },
      "engines": {
        "node": ">=0.10.0"
      }
    },
    "node_modules/react-css-styled": {
      "version": "1.1.9",
      "resolved": "https://registry.npmjs.org/react-css-styled/-/react-css-styled-1.1.9.tgz",
      "integrity": "sha512-M7fJZ3IWFaIHcZEkoFOnkjdiUFmwd8d+gTh2bpqMOcnxy/0Gsykw4dsL4QBiKsxcGow6tETUa4NAUcmJF+/nfw==",
      "license": "MIT",
      "dependencies": {
        "css-styled": "~1.0.8",
        "framework-utils": "^1.1.0"
      }
    },
    "node_modules/react-dom": {
      "version": "18.2.0",
      "resolved": "https://registry.npmjs.org/react-dom/-/react-dom-18.2.0.tgz",
      "integrity": "sha512-6IMTriUmvsjHUjNtEDudZfuDQUoWXVxKHhlEGSk81n4YFS+r/Kl99wXiwlVXtPBtJenozv2P+hxDsw9eA7Xo6g==",
      "dependencies": {
        "loose-envify": "^1.1.0",
        "scheduler": "^0.23.0"
      },
      "peerDependencies": {
        "react": "^18.2.0"
      }
    },
    "node_modules/react-movable": {
      "version": "3.3.1",
      "resolved": "https://registry.npmjs.org/react-movable/-/react-movable-3.3.1.tgz",
      "integrity": "sha512-dfX15ZlyoefoFs1kqVeLrJoso4eaTEBwP2pyUanDUyNg1Uy+lzxOv0GyNcmHJTZUtLSaNbim8DdekpKALSLKkA==",
      "license": "MIT",
      "peerDependencies": {
        "react": "*",
        "react-dom": "*"
      }
    },
    "node_modules/react-moveable": {
      "version": "0.56.0",
      "resolved": "https://registry.npmjs.org/react-moveable/-/react-moveable-0.56.0.tgz",
      "integrity": "sha512-FmJNmIOsOA36mdxbrc/huiE4wuXSRlmon/o+/OrfNhSiYYYL0AV5oObtPluEhb2Yr/7EfYWBHTxF5aWAvjg1SA==",
      "license": "MIT",
      "dependencies": {
        "@daybrush/utils": "^1.13.0",
        "@egjs/agent": "^2.2.1",
        "@egjs/children-differ": "^1.0.1",
        "@egjs/list-differ": "^1.0.0",
        "@scena/dragscroll": "^1.4.0",
        "@scena/event-emitter": "^1.0.5",
        "@scena/matrix": "^1.1.1",
        "css-to-mat": "^1.1.1",
        "framework-utils": "^1.1.0",
        "gesto": "^1.19.3",
        "overlap-area": "^1.1.0",
        "react-css-styled": "^1.1.9",
        "react-selecto": "^1.25.0"
      }
    },
    "node_modules/react-selecto": {
      "version": "1.26.3",
      "resolved": "https://registry.npmjs.org/react-selecto/-/react-selecto-1.26.3.tgz",
      "integrity": "sha512-Ubik7kWSnZyQEBNro+1k38hZaI1tJarE+5aD/qsqCOA1uUBSjgKVBy3EWRzGIbdmVex7DcxznFZLec/6KZNvwQ==",
      "license": "MIT",
      "dependencies": {
        "selecto": "~1.26.3"
      }
    },
    "node_modules/scheduler": {
      "version": "0.23.0",
      "resolved": "https://registry.npmjs.org/scheduler/-/scheduler-0.23.0.tgz",
      "integrity": "sha512-CtuThmgHNg7zIZWAXi3AsyIzA3n4xx7aNyjwC2VJldO2LMVDhFK+63xGqq6CsJH4rTAt6/M+N4GhZiDYPx9eUw==",
      "dependencies": {
        "loose-envify": "^1.1.0"
      }
    },
    "node_modules/selecto": {
      "version": "1.26.3",
      "resolved": "https://registry.npmjs.org/selecto/-/selecto-1.26.3.tgz",
      "integrity": "sha512-gZHgqMy5uyB6/2YDjv3Qqaf7bd2hTDOpPdxXlrez4R3/L0GiEWDCFaUfrflomgqdb3SxHF2IXY0Jw0EamZi7cw==",
      "license": "MIT",
      "dependencies": {
        "@daybrush/utils": "^1.13.0",
        "@egjs/children-differ": "^1.0.1",
        "@scena/dragscroll": "^1.4.0",
        "@scena/event-emitter": "^1.0.5",
        "css-styled": "^1.0.8",
        "css-to-mat": "^1.1.1",
        "framework-utils": "^1.1.0",
        "gesto": "^1.19.4",
        "keycon": "^1.2.0",
        "overlap-area": "^1.1.0"
      }
    }
  }
}
